# THIS IS AN AUTOGENERATED FILE. DO NOT EDIT THIS FILE DIRECTLY.
# yarn lockfile v1


fl-folder-updater@1.0.2:
  version "1.0.2"
  resolved "https://registry.yarnpkg.com/fl-folder-updater/-/fl-folder-updater-1.0.2.tgz#86878630cb9407585c2610878b49d7e726d68f87"
  dependencies:
    fl-generator "1.0.1"

fl-generator@1.0.1:
  version "1.0.1"
  resolved "https://registry.yarnpkg.com/fl-generator/-/fl-generator-1.0.1.tgz#782d2bcaed31319d63a309262f058eea533ba902"

minimist@^1.2.0:
  version "1.2.0"
  resolved "https://registry.yarnpkg.com/minimist/-/minimist-1.2.0.tgz#a35008b20f41383eec1fb914f4cd5df79a264284"
